
Microsoft Visual Studio Solution File, Format Version 12.00
# Visual Studio Version 16
VisualStudioVersion = 16.0.30114.105
MinimumVisualStudioVersion = 10.0.40219.1
Project("{FAE04EC0-301F-11D3-BF4B-00C04F79EFBC}") = "SlaveAPI", "SlaveAPI\SlaveAPI.csproj", "{74A24A8A-B4A2-4793-A5D8-B241EC358C4A}"
EndProject
Project("{FAE04EC0-301F-11D3-BF4B-00C04F79EFBC}") = "SlaveAPI.Tests", "SlaveAPI.Tests\SlaveAPI.Tests.csproj", "{EA4244F0-3513-498C-93D1-DFA96597C7C0}"
EndProject
Global
	GlobalSection(SolutionConfigurationPlatforms) = preSolution
		Debug|Any CPU = Debug|Any CPU
		Debug|x64 = Debug|x64
		Debug|x86 = Debug|x86
		Release|Any CPU = Release|Any CPU
		Release|x64 = Release|x64
		Release|x86 = Release|x86
	EndGlobalSection
	GlobalSection(SolutionProperties) = preSolution
		HideSolutionNode = FALSE
	EndGlobalSection
	GlobalSection(ProjectConfigurationPlatforms) = postSolution
		{74A24A8A-B4A2-4793-A5D8-B241EC358C4A}.Debug|Any CPU.ActiveCfg = Debug|Any CPU
		{74A24A8A-B4A2-4793-A5D8-B241EC358C4A}.Debug|Any CPU.Build.0 = Debug|Any CPU
		{74A24A8A-B4A2-4793-A5D8-B241EC358C4A}.Debug|x64.ActiveCfg = Debug|Any CPU
		{74A24A8A-B4A2-4793-A5D8-B241EC358C4A}.Debug|x64.Build.0 = Debug|Any CPU
		{74A24A8A-B4A2-4793-A5D8-B241EC358C4A}.Debug|x86.ActiveCfg = Debug|Any CPU
		{74A24A8A-B4A2-4793-A5D8-B241EC358C4A}.Debug|x86.Build.0 = Debug|Any CPU
		{74A24A8A-B4A2-4793-A5D8-B241EC358C4A}.Release|Any CPU.ActiveCfg = Release|Any CPU
		{74A24A8A-B4A2-4793-A5D8-B241EC358C4A}.Release|Any CPU.Build.0 = Release|Any CPU
		{74A24A8A-B4A2-4793-A5D8-B241EC358C4A}.Release|x64.ActiveCfg = Release|Any CPU
		{74A24A8A-B4A2-4793-A5D8-B241EC358C4A}.Release|x64.Build.0 = Release|Any CPU
		{74A24A8A-B4A2-4793-A5D8-B241EC358C4A}.Release|x86.ActiveCfg = Release|Any CPU
		{74A24A8A-B4A2-4793-A5D8-B241EC358C4A}.Release|x86.Build.0 = Release|Any CPU
		{EA4244F0-3513-498C-93D1-DFA96597C7C0}.Debug|Any CPU.ActiveCfg = Debug|Any CPU
		{EA4244F0-3513-498C-93D1-DFA96597C7C0}.Debug|Any CPU.Build.0 = Debug|Any CPU
		{EA4244F0-3513-498C-93D1-DFA96597C7C0}.Debug|x64.ActiveCfg = Debug|Any CPU
		{EA4244F0-3513-498C-93D1-DFA96597C7C0}.Debug|x64.Build.0 = Debug|Any CPU
		{EA4244F0-3513-498C-93D1-DFA96597C7C0}.Debug|x86.ActiveCfg = Debug|Any CPU
		{EA4244F0-3513-498C-93D1-DFA96597C7C0}.Debug|x86.Build.0 = Debug|Any CPU
		{EA4244F0-3513-498C-93D1-DFA96597C7C0}.Release|Any CPU.ActiveCfg = Release|Any CPU
		{EA4244F0-3513-498C-93D1-DFA96597C7C0}.Release|Any CPU.Build.0 = Release|Any CPU
		{EA4244F0-3513-498C-93D1-DFA96597C7C0}.Release|x64.ActiveCfg = Release|Any CPU
		{EA4244F0-3513-498C-93D1-DFA96597C7C0}.Release|x64.Build.0 = Release|Any CPU
		{EA4244F0-3513-498C-93D1-DFA96597C7C0}.Release|x86.ActiveCfg = Release|Any CPU
		{EA4244F0-3513-498C-93D1-DFA96597C7C0}.Release|x86.Build.0 = Release|Any CPU
	EndGlobalSection
EndGlobal
